{
  "name": "miniprogram-ts-less-quickstart",
  "version": "1.0.0",
  "lockfileVersion": 2,
  "requires": true,
  "packages": {
    "": {
      "name": "miniprogram-ts-less-quickstart",
      "version": "1.0.0",
      "dependencies": {
        "tdesign-miniprogram": "^0.13.1"
      },
      "devDependencies": {
        "miniprogram-api-typings": "^3.4.6"
      }
    },
    "node_modules/dayjs": {
      "version": "1.11.3",
      "resolved": "https://registry.npmmirror.com/dayjs/-/dayjs-1.11.3.tgz",
      "integrity": "sha512-xxwlswWOlGhzgQ4TKzASQkUhqERI3egRNqgV4ScR8wlANA/A9tZ7miXa44vTTKEq5l7vWoL5G57bG3zA+Kow0A=="
    },
    "node_modules/miniprogram-api-typings": {
      "version": "3.4.6",
      "resolved": "https://registry.npmmirror.com/miniprogram-api-typings/-/miniprogram-api-typings-3.4.6.tgz",
      "integrity": "sha512-1/aAma9wWzu9KS8m/h4j43UHoKS+XO61kaUDdftnlgwEyBndr0jrPJf/gUzdZQOST0pkLWmF0IMotz+j/Nh5SQ==",
      "dev": true
    },
    "node_modules/tdesign-miniprogram": {
      "version": "0.13.1",
      "resolved": "https://registry.npmmirror.com/tdesign-miniprogram/-/tdesign-miniprogram-0.13.1.tgz",
      "integrity": "sha512-nNV2hQLZt6X3ZJ7oS6JjrQMm16Xv6gZezsplBQZNyhZrVPEwMBP79D/e3n3dGocGsrNmBulnh2mb96WAmM96Iw==",
      "dependencies": {
        "dayjs": "^1.10.7"
      }
    }
  },
  "dependencies": {
    "dayjs": {
      "version": "1.11.3",
      "resolved": "https://registry.npmmirror.com/dayjs/-/dayjs-1.11.3.tgz",
      "integrity": "sha512-xxwlswWOlGhzgQ4TKzASQkUhqERI3egRNqgV4ScR8wlANA/A9tZ7miXa44vTTKEq5l7vWoL5G57bG3zA+Kow0A=="
    },
    "miniprogram-api-typings": {
      "version": "3.4.6",
      "resolved": "https://registry.npmmirror.com/miniprogram-api-typings/-/miniprogram-api-typings-3.4.6.tgz",
      "integrity": "sha512-1/aAma9wWzu9KS8m/h4j43UHoKS+XO61kaUDdftnlgwEyBndr0jrPJf/gUzdZQOST0pkLWmF0IMotz+j/Nh5SQ==",
      "dev": true
    },
    "tdesign-miniprogram": {
      "version": "0.13.1",
      "resolved": "https://registry.npmmirror.com/tdesign-miniprogram/-/tdesign-miniprogram-0.13.1.tgz",
      "integrity": "sha512-nNV2hQLZt6X3ZJ7oS6JjrQMm16Xv6gZezsplBQZNyhZrVPEwMBP79D/e3n3dGocGsrNmBulnh2mb96WAmM96Iw==",
      "requires": {
        "dayjs": "^1.10.7"
      }
    }
  }
}
